
Microsoft Visual Studio Solution File, Format Version 12.00
# Visual Studio Version 17
VisualStudioVersion = 17.7.34202.233
MinimumVisualStudioVersion = 10.0.40219.1
Project("{FAE04EC0-301F-11D3-BF4B-00C04F79EFBC}") = "VirtualWalletApp", "VirtualWalletApp\VirtualWalletApp.csproj", "{32563C7A-E165-419C-862E-D94EE27880B5}"
EndProject
Global
	GlobalSection(SolutionConfigurationPlatforms) = preSolution
		Debug|Any CPU = Debug|Any CPU
		Release|Any CPU = Release|Any CPU
	EndGlobalSection
	GlobalSection(ProjectConfigurationPlatforms) = postSolution
		{32563C7A-E165-419C-862E-D94EE27880B5}.Debug|Any CPU.ActiveCfg = Debug|Any CPU
		{32563C7A-E165-419C-862E-D94EE27880B5}.Debug|Any CPU.Build.0 = Debug|Any CPU
		{32563C7A-E165-419C-862E-D94EE27880B5}.Release|Any CPU.ActiveCfg = Release|Any CPU
		{32563C7A-E165-419C-862E-D94EE27880B5}.Release|Any CPU.Build.0 = Release|Any CPU
	EndGlobalSection
	GlobalSection(SolutionProperties) = preSolution
		HideSolutionNode = FALSE
	EndGlobalSection
	GlobalSection(ExtensibilityGlobals) = postSolution
		SolutionGuid = {6B31AB8A-EEEE-4041-BC17-F649C3D1A613}
	EndGlobalSection
EndGlobal
